
Microsoft Visual Studio Solution File, Format Version 12.00
# Visual Studio Version 17
VisualStudioVersion = 17.3.32825.248
MinimumVisualStudioVersion = 10.0.40219.1
Project("{8BC9CEB8-8B4A-11D0-8D11-00A0C91BC942}") = "Problem1", "Problem1\Problem1.vcxproj", "{7765D83D-DA5E-4898-B2A2-FB65D2827744}"
EndProject
Project("{8BC9CEB8-8B4A-11D0-8D11-00A0C91BC942}") = "Problem2", "Problem2\Problem2.vcxproj", "{4A01F023-67C7-4374-B6B6-29242A1CB86C}"
EndProject
Project("{8BC9CEB8-8B4A-11D0-8D11-00A0C91BC942}") = "Problem3", "Problem3\Problem3.vcxproj", "{53AB9DA4-DEFB-4BAF-BAF1-C9904F0DAF73}"
EndProject
Global
	GlobalSection(SolutionConfigurationPlatforms) = preSolution
		Debug|x64 = Debug|x64
		Debug|x86 = Debug|x86
		Release|x64 = Release|x64
		Release|x86 = Release|x86
	EndGlobalSection
	GlobalSection(ProjectConfigurationPlatforms) = postSolution
		{7765D83D-DA5E-4898-B2A2-FB65D2827744}.Debug|x64.ActiveCfg = Debug|x64
		{7765D83D-DA5E-4898-B2A2-FB65D2827744}.Debug|x64.Build.0 = Debug|x64
		{7765D83D-DA5E-4898-B2A2-FB65D2827744}.Debug|x86.ActiveCfg = Debug|Win32
		{7765D83D-DA5E-4898-B2A2-FB65D2827744}.Debug|x86.Build.0 = Debug|Win32
		{7765D83D-DA5E-4898-B2A2-FB65D2827744}.Release|x64.ActiveCfg = Release|x64
		{7765D83D-DA5E-4898-B2A2-FB65D2827744}.Release|x64.Build.0 = Release|x64
		{7765D83D-DA5E-4898-B2A2-FB65D2827744}.Release|x86.ActiveCfg = Release|Win32
		{7765D83D-DA5E-4898-B2A2-FB65D2827744}.Release|x86.Build.0 = Release|Win32
		{4A01F023-67C7-4374-B6B6-29242A1CB86C}.Debug|x64.ActiveCfg = Debug|x64
		{4A01F023-67C7-4374-B6B6-29242A1CB86C}.Debug|x64.Build.0 = Debug|x64
		{4A01F023-67C7-4374-B6B6-29242A1CB86C}.Debug|x86.ActiveCfg = Debug|Win32
		{4A01F023-67C7-4374-B6B6-29242A1CB86C}.Debug|x86.Build.0 = Debug|Win32
		{4A01F023-67C7-4374-B6B6-29242A1CB86C}.Release|x64.ActiveCfg = Release|x64
		{4A01F023-67C7-4374-B6B6-29242A1CB86C}.Release|x64.Build.0 = Release|x64
		{4A01F023-67C7-4374-B6B6-29242A1CB86C}.Release|x86.ActiveCfg = Release|Win32
		{4A01F023-67C7-4374-B6B6-29242A1CB86C}.Release|x86.Build.0 = Release|Win32
		{53AB9DA4-DEFB-4BAF-BAF1-C9904F0DAF73}.Debug|x64.ActiveCfg = Debug|x64
		{53AB9DA4-DEFB-4BAF-BAF1-C9904F0DAF73}.Debug|x64.Build.0 = Debug|x64
		{53AB9DA4-DEFB-4BAF-BAF1-C9904F0DAF73}.Debug|x86.ActiveCfg = Debug|Win32
		{53AB9DA4-DEFB-4BAF-BAF1-C9904F0DAF73}.Debug|x86.Build.0 = Debug|Win32
		{53AB9DA4-DEFB-4BAF-BAF1-C9904F0DAF73}.Release|x64.ActiveCfg = Release|x64
		{53AB9DA4-DEFB-4BAF-BAF1-C9904F0DAF73}.Release|x64.Build.0 = Release|x64
		{53AB9DA4-DEFB-4BAF-BAF1-C9904F0DAF73}.Release|x86.ActiveCfg = Release|Win32
		{53AB9DA4-DEFB-4BAF-BAF1-C9904F0DAF73}.Release|x86.Build.0 = Release|Win32
	EndGlobalSection
	GlobalSection(SolutionProperties) = preSolution
		HideSolutionNode = FALSE
	EndGlobalSection
	GlobalSection(ExtensibilityGlobals) = postSolution
		SolutionGuid = {E4DA6A73-0F30-4FF2-9CEB-984A67F52969}
	EndGlobalSection
EndGlobal
