
Microsoft Visual Studio Solution File, Format Version 12.00
# Visual Studio Version 17
VisualStudioVersion = 17.3.32825.248
MinimumVisualStudioVersion = 10.0.40219.1
Project("{8BC9CEB8-8B4A-11D0-8D11-00A0C91BC942}") = "Ascii", "Ascii\Ascii.vcxproj", "{EBDED259-7956-44D6-B185-FD5FE3CC5A36}"
EndProject
Project("{8BC9CEB8-8B4A-11D0-8D11-00A0C91BC942}") = "StdBool", "StdBool\StdBool.vcxproj", "{41DC5C64-20D9-4317-B8D5-D0DFAB97638F}"
EndProject
Project("{8BC9CEB8-8B4A-11D0-8D11-00A0C91BC942}") = "Problem3", "Problem3\Problem3.vcxproj", "{A549AD10-3450-42F8-B29E-983F3F66EF3D}"
EndProject
Global
	GlobalSection(SolutionConfigurationPlatforms) = preSolution
		Debug|x64 = Debug|x64
		Debug|x86 = Debug|x86
		Release|x64 = Release|x64
		Release|x86 = Release|x86
	EndGlobalSection
	GlobalSection(ProjectConfigurationPlatforms) = postSolution
		{EBDED259-7956-44D6-B185-FD5FE3CC5A36}.Debug|x64.ActiveCfg = Debug|x64
		{EBDED259-7956-44D6-B185-FD5FE3CC5A36}.Debug|x64.Build.0 = Debug|x64
		{EBDED259-7956-44D6-B185-FD5FE3CC5A36}.Debug|x86.ActiveCfg = Debug|Win32
		{EBDED259-7956-44D6-B185-FD5FE3CC5A36}.Debug|x86.Build.0 = Debug|Win32
		{EBDED259-7956-44D6-B185-FD5FE3CC5A36}.Release|x64.ActiveCfg = Release|x64
		{EBDED259-7956-44D6-B185-FD5FE3CC5A36}.Release|x64.Build.0 = Release|x64
		{EBDED259-7956-44D6-B185-FD5FE3CC5A36}.Release|x86.ActiveCfg = Release|Win32
		{EBDED259-7956-44D6-B185-FD5FE3CC5A36}.Release|x86.Build.0 = Release|Win32
		{41DC5C64-20D9-4317-B8D5-D0DFAB97638F}.Debug|x64.ActiveCfg = Debug|x64
		{41DC5C64-20D9-4317-B8D5-D0DFAB97638F}.Debug|x64.Build.0 = Debug|x64
		{41DC5C64-20D9-4317-B8D5-D0DFAB97638F}.Debug|x86.ActiveCfg = Debug|Win32
		{41DC5C64-20D9-4317-B8D5-D0DFAB97638F}.Debug|x86.Build.0 = Debug|Win32
		{41DC5C64-20D9-4317-B8D5-D0DFAB97638F}.Release|x64.ActiveCfg = Release|x64
		{41DC5C64-20D9-4317-B8D5-D0DFAB97638F}.Release|x64.Build.0 = Release|x64
		{41DC5C64-20D9-4317-B8D5-D0DFAB97638F}.Release|x86.ActiveCfg = Release|Win32
		{41DC5C64-20D9-4317-B8D5-D0DFAB97638F}.Release|x86.Build.0 = Release|Win32
		{A549AD10-3450-42F8-B29E-983F3F66EF3D}.Debug|x64.ActiveCfg = Debug|x64
		{A549AD10-3450-42F8-B29E-983F3F66EF3D}.Debug|x64.Build.0 = Debug|x64
		{A549AD10-3450-42F8-B29E-983F3F66EF3D}.Debug|x86.ActiveCfg = Debug|Win32
		{A549AD10-3450-42F8-B29E-983F3F66EF3D}.Debug|x86.Build.0 = Debug|Win32
		{A549AD10-3450-42F8-B29E-983F3F66EF3D}.Release|x64.ActiveCfg = Release|x64
		{A549AD10-3450-42F8-B29E-983F3F66EF3D}.Release|x64.Build.0 = Release|x64
		{A549AD10-3450-42F8-B29E-983F3F66EF3D}.Release|x86.ActiveCfg = Release|Win32
		{A549AD10-3450-42F8-B29E-983F3F66EF3D}.Release|x86.Build.0 = Release|Win32
	EndGlobalSection
	GlobalSection(SolutionProperties) = preSolution
		HideSolutionNode = FALSE
	EndGlobalSection
	GlobalSection(ExtensibilityGlobals) = postSolution
		SolutionGuid = {42CE63D5-89FF-4C6D-80B0-D4A1D5E58C33}
	EndGlobalSection
EndGlobal
