
Microsoft Visual Studio Solution File, Format Version 12.00
# Visual Studio Version 17
VisualStudioVersion = 17.3.32825.248
MinimumVisualStudioVersion = 10.0.40219.1
Project("{8BC9CEB8-8B4A-11D0-8D11-00A0C91BC942}") = "Problem1", "Problem1\Problem1.vcxproj", "{517354EF-5436-4CDC-921A-5D5BDD16399B}"
EndProject
Project("{8BC9CEB8-8B4A-11D0-8D11-00A0C91BC942}") = "Problem2", "Problem2\Problem2.vcxproj", "{7C53D568-F095-47AF-87F1-88F9ECE3E680}"
EndProject
Project("{8BC9CEB8-8B4A-11D0-8D11-00A0C91BC942}") = "Problem3", "Problem3\Problem3.vcxproj", "{9D464C6E-B22B-4814-A962-10FB275AD902}"
EndProject
Global
	GlobalSection(SolutionConfigurationPlatforms) = preSolution
		Debug|x64 = Debug|x64
		Debug|x86 = Debug|x86
		Release|x64 = Release|x64
		Release|x86 = Release|x86
	EndGlobalSection
	GlobalSection(ProjectConfigurationPlatforms) = postSolution
		{517354EF-5436-4CDC-921A-5D5BDD16399B}.Debug|x64.ActiveCfg = Debug|x64
		{517354EF-5436-4CDC-921A-5D5BDD16399B}.Debug|x64.Build.0 = Debug|x64
		{517354EF-5436-4CDC-921A-5D5BDD16399B}.Debug|x86.ActiveCfg = Debug|Win32
		{517354EF-5436-4CDC-921A-5D5BDD16399B}.Debug|x86.Build.0 = Debug|Win32
		{517354EF-5436-4CDC-921A-5D5BDD16399B}.Release|x64.ActiveCfg = Release|x64
		{517354EF-5436-4CDC-921A-5D5BDD16399B}.Release|x64.Build.0 = Release|x64
		{517354EF-5436-4CDC-921A-5D5BDD16399B}.Release|x86.ActiveCfg = Release|Win32
		{517354EF-5436-4CDC-921A-5D5BDD16399B}.Release|x86.Build.0 = Release|Win32
		{7C53D568-F095-47AF-87F1-88F9ECE3E680}.Debug|x64.ActiveCfg = Debug|x64
		{7C53D568-F095-47AF-87F1-88F9ECE3E680}.Debug|x64.Build.0 = Debug|x64
		{7C53D568-F095-47AF-87F1-88F9ECE3E680}.Debug|x86.ActiveCfg = Debug|Win32
		{7C53D568-F095-47AF-87F1-88F9ECE3E680}.Debug|x86.Build.0 = Debug|Win32
		{7C53D568-F095-47AF-87F1-88F9ECE3E680}.Release|x64.ActiveCfg = Release|x64
		{7C53D568-F095-47AF-87F1-88F9ECE3E680}.Release|x64.Build.0 = Release|x64
		{7C53D568-F095-47AF-87F1-88F9ECE3E680}.Release|x86.ActiveCfg = Release|Win32
		{7C53D568-F095-47AF-87F1-88F9ECE3E680}.Release|x86.Build.0 = Release|Win32
		{9D464C6E-B22B-4814-A962-10FB275AD902}.Debug|x64.ActiveCfg = Debug|x64
		{9D464C6E-B22B-4814-A962-10FB275AD902}.Debug|x64.Build.0 = Debug|x64
		{9D464C6E-B22B-4814-A962-10FB275AD902}.Debug|x86.ActiveCfg = Debug|Win32
		{9D464C6E-B22B-4814-A962-10FB275AD902}.Debug|x86.Build.0 = Debug|Win32
		{9D464C6E-B22B-4814-A962-10FB275AD902}.Release|x64.ActiveCfg = Release|x64
		{9D464C6E-B22B-4814-A962-10FB275AD902}.Release|x64.Build.0 = Release|x64
		{9D464C6E-B22B-4814-A962-10FB275AD902}.Release|x86.ActiveCfg = Release|Win32
		{9D464C6E-B22B-4814-A962-10FB275AD902}.Release|x86.Build.0 = Release|Win32
	EndGlobalSection
	GlobalSection(SolutionProperties) = preSolution
		HideSolutionNode = FALSE
	EndGlobalSection
	GlobalSection(ExtensibilityGlobals) = postSolution
		SolutionGuid = {31DED207-15D2-4685-9F15-520839EC93EC}
	EndGlobalSection
EndGlobal
